
Microsoft Visual Studio Solution File, Format Version 12.00
# Visual Studio Version 17
VisualStudioVersion = 17.3.32819.101
MinimumVisualStudioVersion = 10.0.40219.1
Project("{FAE04EC0-301F-11D3-BF4B-00C04F79EFBC}") = "MyMate_Server", "MyMate_Server\MyMate_Server.csproj", "{3B5F9CF3-9F4F-4C62-B273-4110C6B4117D}"
EndProject
Project("{9A19103F-16F7-4668-BE54-9A1E7A4F7556}") = "ServerNetwork", "..\MyMate_Network\MyMate_Network\ServerNetwork\ServerNetwork.csproj", "{3D46646F-9F93-425D-9141-8FF9D18BEDB5}"
EndProject
Global
	GlobalSection(SolutionConfigurationPlatforms) = preSolution
		Debug|Any CPU = Debug|Any CPU
		Release|Any CPU = Release|Any CPU
	EndGlobalSection
	GlobalSection(ProjectConfigurationPlatforms) = postSolution
		{3B5F9CF3-9F4F-4C62-B273-4110C6B4117D}.Debug|Any CPU.ActiveCfg = Debug|Any CPU
		{3B5F9CF3-9F4F-4C62-B273-4110C6B4117D}.Debug|Any CPU.Build.0 = Debug|Any CPU
		{3B5F9CF3-9F4F-4C62-B273-4110C6B4117D}.Release|Any CPU.ActiveCfg = Release|Any CPU
		{3B5F9CF3-9F4F-4C62-B273-4110C6B4117D}.Release|Any CPU.Build.0 = Release|Any CPU
		{3D46646F-9F93-425D-9141-8FF9D18BEDB5}.Debug|Any CPU.ActiveCfg = Debug|Any CPU
		{3D46646F-9F93-425D-9141-8FF9D18BEDB5}.Debug|Any CPU.Build.0 = Debug|Any CPU
		{3D46646F-9F93-425D-9141-8FF9D18BEDB5}.Release|Any CPU.ActiveCfg = Release|Any CPU
		{3D46646F-9F93-425D-9141-8FF9D18BEDB5}.Release|Any CPU.Build.0 = Release|Any CPU
	EndGlobalSection
	GlobalSection(SolutionProperties) = preSolution
		HideSolutionNode = FALSE
	EndGlobalSection
	GlobalSection(ExtensibilityGlobals) = postSolution
		SolutionGuid = {FAEBBBFF-CF06-4F19-9AB1-09F26C29E946}
	EndGlobalSection
EndGlobal
